
Microsoft Visual Studio Solution File, Format Version 12.00
# Visual Studio 15
VisualStudioVersion = 15.0.28307.1022
MinimumVisualStudioVersion = 10.0.40219.1
Project("{FAE04EC0-301F-11D3-BF4B-00C04F79EFBC}") = "Operaciones", "Operaciones\Operaciones.csproj", "{D07C08F9-54F6-4CC7-B0D5-8CF52A779F63}"
EndProject
Global
	GlobalSection(SolutionConfigurationPlatforms) = preSolution
		Debug|Any CPU = Debug|Any CPU
		Release|Any CPU = Release|Any CPU
	EndGlobalSection
	GlobalSection(ProjectConfigurationPlatforms) = postSolution
		{D07C08F9-54F6-4CC7-B0D5-8CF52A779F63}.Debug|Any CPU.ActiveCfg = Debug|Any CPU
		{D07C08F9-54F6-4CC7-B0D5-8CF52A779F63}.Debug|Any CPU.Build.0 = Debug|Any CPU
		{D07C08F9-54F6-4CC7-B0D5-8CF52A779F63}.Release|Any CPU.ActiveCfg = Release|Any CPU
		{D07C08F9-54F6-4CC7-B0D5-8CF52A779F63}.Release|Any CPU.Build.0 = Release|Any CPU
	EndGlobalSection
	GlobalSection(SolutionProperties) = preSolution
		HideSolutionNode = FALSE
	EndGlobalSection
	GlobalSection(ExtensibilityGlobals) = postSolution
		SolutionGuid = {173CBF77-E78C-4668-9319-4FD07E3791CD}
	EndGlobalSection
EndGlobal
